<?xml version="1.0" encoding="utf-8"?>
<Project ToolsVersion="4.0" xmlns="http://schemas.microsoft.com/developer/msbuild/2003">
  <ItemGroup>
    <Filter Include="Common">
      <UniqueIdentifier>{eb91a12e-02a4-4e1f-aae4-fc65977d73e4}</UniqueIdentifier>
    </Filter>
    <Filter Include="Resources">
      <UniqueIdentifier>{fb177175-f593-44b8-9e70-e84c4fa2715e}</UniqueIdentifier>
    </Filter>
  </ItemGroup>
  <ItemGroup>
    <ClInclude Include="src\Window.h">
      <Filter>Common</Filter>
    </ClInclude>
    <ClInclude Include="src\Application.h">
      <Filter>Common</Filter>
    </ClInclude>
    <ClInclude Include="src\DemoScene.h">
      <Filter>Common</Filter>
    </ClInclude>
    <ClInclude Include="src\Scene.h">
      <Filter>Common</Filter>
    </ClInclude>
    <ClInclude Include="src\Panther_Demo_PCH.h">
      <Filter>Common</Filter>
    </ClInclude>
  </ItemGroup>
  <ItemGroup>
    <ClCompile Include="src\Application.cpp">
      <Filter>Common</Filter>
    </ClCompile>
    <ClCompile Include="src\DemoScene.cpp">
      <Filter>Common</Filter>
    </ClCompile>
    <ClCompile Include="src\main.cpp">
      <Filter>Common</Filter>
    </ClCompile>
    <ClCompile Include="src\Scene.cpp">
      <Filter>Common</Filter>
    </ClCompile>
    <ClCompile Include="src\Window.cpp">
      <Filter>Common</Filter>
    </ClCompile>
    <ClCompile Include="src\Panther_Demo_PCH.cpp">
      <Filter>Common</Filter>
    </ClCompile>
  </ItemGroup>
  <ItemGroup>
    <ResourceCompile Include="Panther_Demo.rc">
      <Filter>Resources</Filter>
    </ResourceCompile>
  </ItemGroup>
</Project>