
Microsoft Visual Studio Solution File, Format Version 12.00
# Visual Studio 15
VisualStudioVersion = 15.0.26228.4
MinimumVisualStudioVersion = 10.0.40219.1
Project("{2150E333-8FDC-42A3-9474-1A3956D46DE8}") = "Engine", "Engine", "{1E892989-8A4E-4812-9521-9012BBC7D7F6}"
EndProject
Project("{8BC9CEB8-8B4A-11D0-8D11-00A0C91BC942}") = "PantherEngine", "PantherEngine\PantherEngine.vcxproj", "{142FE21A-AF2B-409B-AAB4-D0E922A51E93}"
EndProject
Global
	GlobalSection(SolutionConfigurationPlatforms) = preSolution
		Debug DX12|Win64 = Debug DX12|Win64
		Debug DX12|x64 = Debug DX12|x64
		Release DX12|Win64 = Release DX12|Win64
		Release DX12|x64 = Release DX12|x64
	EndGlobalSection
	GlobalSection(ProjectConfigurationPlatforms) = postSolution
		{142FE21A-AF2B-409B-AAB4-D0E922A51E93}.Debug DX12|Win64.ActiveCfg = Debug|x64
		{142FE21A-AF2B-409B-AAB4-D0E922A51E93}.Debug DX12|Win64.Build.0 = Debug|x64
		{142FE21A-AF2B-409B-AAB4-D0E922A51E93}.Debug DX12|x64.ActiveCfg = Debug|x64
		{142FE21A-AF2B-409B-AAB4-D0E922A51E93}.Debug DX12|x64.Build.0 = Debug|x64
		{142FE21A-AF2B-409B-AAB4-D0E922A51E93}.Release DX12|Win64.ActiveCfg = Release|x64
		{142FE21A-AF2B-409B-AAB4-D0E922A51E93}.Release DX12|Win64.Build.0 = Release|x64
		{142FE21A-AF2B-409B-AAB4-D0E922A51E93}.Release DX12|x64.ActiveCfg = Release|x64
		{142FE21A-AF2B-409B-AAB4-D0E922A51E93}.Release DX12|x64.Build.0 = Release|x64
	EndGlobalSection
	GlobalSection(SolutionProperties) = preSolution
		HideSolutionNode = FALSE
	EndGlobalSection
	GlobalSection(NestedProjects) = preSolution
		{142FE21A-AF2B-409B-AAB4-D0E922A51E93} = {1E892989-8A4E-4812-9521-9012BBC7D7F6}
	EndGlobalSection
EndGlobal
