<?xml version="1.0" encoding="utf-8"?>
<Project ToolsVersion="4.0" xmlns="http://schemas.microsoft.com/developer/msbuild/2003">
  <ItemGroup>
    <Filter Include="Common">
      <UniqueIdentifier>{100a763a-4a75-419b-8ce6-48b8029dd205}</UniqueIdentifier>
    </Filter>
    <Filter Include="Resources">
      <UniqueIdentifier>{b5560b44-2651-433a-8665-a42d7b055b4f}</UniqueIdentifier>
    </Filter>
    <Filter Include="Resources\Shaders">
      <UniqueIdentifier>{df820356-8bb5-417f-a91e-131a4635d608}</UniqueIdentifier>
      <Extensions>hlsl</Extensions>
    </Filter>
    <Filter Include="Resources\Resource Files">
      <UniqueIdentifier>{67DA6AB6-F800-4c08-8B7A-83BB121AAD01}</UniqueIdentifier>
      <Extensions>rc;ico;cur;bmp;dlg;rc2;rct;bin;rgs;gif;jpg;jpeg;jpe;resx;tiff;tif;png;wav;mfcribbon-ms</Extensions>
    </Filter>
  </ItemGroup>
  <ItemGroup>
    <ClCompile Include="src\Application.cpp">
      <Filter>Common</Filter>
    </ClCompile>
    <ClCompile Include="src\DemoScene.cpp">
      <Filter>Common</Filter>
    </ClCompile>
    <ClCompile Include="src\main.cpp">
      <Filter>Common</Filter>
    </ClCompile>
    <ClCompile Include="src\PCH.cpp">
      <Filter>Common</Filter>
    </ClCompile>
    <ClCompile Include="src\Scene.cpp">
      <Filter>Common</Filter>
    </ClCompile>
    <ClCompile Include="src\Window.cpp">
      <Filter>Common</Filter>
    </ClCompile>
  </ItemGroup>
  <ItemGroup>
    <ClInclude Include="src\Application.h">
      <Filter>Common</Filter>
    </ClInclude>
    <ClInclude Include="src\DemoScene.h">
      <Filter>Common</Filter>
    </ClInclude>
    <ClInclude Include="src\PCH.h">
      <Filter>Common</Filter>
    </ClInclude>
    <ClInclude Include="resource.h">
      <Filter>Common</Filter>
    </ClInclude>
    <ClInclude Include="src\Scene.h">
      <Filter>Common</Filter>
    </ClInclude>
    <ClInclude Include="src\Window.h">
      <Filter>Common</Filter>
    </ClInclude>
  </ItemGroup>
  <ItemGroup>
    <ResourceCompile Include="PantherEngine.rc">
      <Filter>Resources\Resource Files</Filter>
    </ResourceCompile>
  </ItemGroup>
  <ItemGroup>
    <Image Include="rsc\Panther.ico">
      <Filter>Resources\Resource Files</Filter>
    </Image>
  </ItemGroup>
  <ItemGroup>
    <None Include="rsc\shaders\shaders.hlsl">
      <Filter>Resources\Shaders</Filter>
    </None>
    <None Include="rsc\shaders\skydome.hlsl">
      <Filter>Resources\Shaders</Filter>
    </None>
  </ItemGroup>
</Project>